{
  "name": "@warren-bank/extract-zip",
  "version": "2.0.0",
  "lockfileVersion": 3,
  "requires": true,
  "packages": {
    "": {
      "name": "@warren-bank/extract-zip",
      "version": "2.0.0",
      "license": "MIT",
      "dependencies": {
        "@warren-bank/adm-zip": "^0.5.17"
      },
      "bin": {
        "extract-zip": "bin/unzip-cli.js"
      }
    },
    "node_modules/@warren-bank/adm-zip": {
      "version": "0.5.17",
      "resolved": "https://registry.npmjs.org/@warren-bank/adm-zip/-/adm-zip-0.5.17.tgz",
      "integrity": "sha512-jb7wFzOjx7MjM+ODlXI9oRWUoefgIVl/fk7QdPFGohvrwLYS5NRpmmIHELrKlAZqZFZKqlkqOBY7ssh23byenw==",
      "engines": {
        "node": ">=12.0"
      }
    }
  }
}
